
Microsoft Visual Studio Solution File, Format Version 12.00
# Visual Studio Version 17
VisualStudioVersion = 17.0.31903.59
MinimumVisualStudioVersion = 10.0.40219.1
Project("{FAE04EC0-301F-11D3-BF4B-00C04F79EFBC}") = "Domain", "Domain\Domain.csproj", "{BE935306-E00E-4BF9-9B0A-08B9C0BB0A6F}"
EndProject
Project("{FAE04EC0-301F-11D3-BF4B-00C04F79EFBC}") = "Application", "Application\Application.csproj", "{6BFFFF97-09A6-4A54-ADA7-32447FB02A2D}"
EndProject
Project("{FAE04EC0-301F-11D3-BF4B-00C04F79EFBC}") = "Persistence", "Persistence\Persistence.csproj", "{38D6D9F7-F35D-410C-9379-7473FAB496E6}"
EndProject
Project("{FAE04EC0-301F-11D3-BF4B-00C04F79EFBC}") = "API", "API\API.csproj", "{3A88E799-AA5D-45F2-8224-7A5B0621D1E0}"
EndProject
Global
	GlobalSection(SolutionConfigurationPlatforms) = preSolution
		Debug|Any CPU = Debug|Any CPU
		Release|Any CPU = Release|Any CPU
	EndGlobalSection
	GlobalSection(SolutionProperties) = preSolution
		HideSolutionNode = FALSE
	EndGlobalSection
	GlobalSection(ProjectConfigurationPlatforms) = postSolution
		{BE935306-E00E-4BF9-9B0A-08B9C0BB0A6F}.Debug|Any CPU.ActiveCfg = Debug|Any CPU
		{BE935306-E00E-4BF9-9B0A-08B9C0BB0A6F}.Debug|Any CPU.Build.0 = Debug|Any CPU
		{BE935306-E00E-4BF9-9B0A-08B9C0BB0A6F}.Release|Any CPU.ActiveCfg = Release|Any CPU
		{BE935306-E00E-4BF9-9B0A-08B9C0BB0A6F}.Release|Any CPU.Build.0 = Release|Any CPU
		{6BFFFF97-09A6-4A54-ADA7-32447FB02A2D}.Debug|Any CPU.ActiveCfg = Debug|Any CPU
		{6BFFFF97-09A6-4A54-ADA7-32447FB02A2D}.Debug|Any CPU.Build.0 = Debug|Any CPU
		{6BFFFF97-09A6-4A54-ADA7-32447FB02A2D}.Release|Any CPU.ActiveCfg = Release|Any CPU
		{6BFFFF97-09A6-4A54-ADA7-32447FB02A2D}.Release|Any CPU.Build.0 = Release|Any CPU
		{38D6D9F7-F35D-410C-9379-7473FAB496E6}.Debug|Any CPU.ActiveCfg = Debug|Any CPU
		{38D6D9F7-F35D-410C-9379-7473FAB496E6}.Debug|Any CPU.Build.0 = Debug|Any CPU
		{38D6D9F7-F35D-410C-9379-7473FAB496E6}.Release|Any CPU.ActiveCfg = Release|Any CPU
		{38D6D9F7-F35D-410C-9379-7473FAB496E6}.Release|Any CPU.Build.0 = Release|Any CPU
		{3A88E799-AA5D-45F2-8224-7A5B0621D1E0}.Debug|Any CPU.ActiveCfg = Debug|Any CPU
		{3A88E799-AA5D-45F2-8224-7A5B0621D1E0}.Debug|Any CPU.Build.0 = Debug|Any CPU
		{3A88E799-AA5D-45F2-8224-7A5B0621D1E0}.Release|Any CPU.ActiveCfg = Release|Any CPU
		{3A88E799-AA5D-45F2-8224-7A5B0621D1E0}.Release|Any CPU.Build.0 = Release|Any CPU
	EndGlobalSection
EndGlobal
